<Project xmlns="http://schemas.microsoft.com/developer/msbuild/2003">
    <PropertyGroup>
        <ProjectGuid>{BD6F9DC1-0E3E-4D66-A0B6-23DE373A0246}</ProjectGuid>
        <MainSource>ITM.dpr</MainSource>
        <Config Condition="'$(Config)'==''">Release</Config>
        <DCC_DCCCompiler>DCC32</DCC_DCCCompiler>
        <ProjectVersion>19.2</ProjectVersion>
        <FrameworkType>VCL</FrameworkType>
        <Base>True</Base>
        <Platform Condition="'$(Platform)'==''">Win32</Platform>
        <TargetedPlatforms>3</TargetedPlatforms>
        <AppType>Application</AppType>
    </PropertyGroup>
    <PropertyGroup Condition="'$(Config)'=='Base' or '$(Base)'!=''">
        <Base>true</Base>
    </PropertyGroup>
    <PropertyGroup Condition="('$(Platform)'=='Win32' and '$(Base)'=='true') or '$(Base_Win32)'!=''">
        <Base_Win32>true</Base_Win32>
        <CfgParent>Base</CfgParent>
        <Base>true</Base>
    </PropertyGroup>
    <PropertyGroup Condition="('$(Platform)'=='Win64' and '$(Base)'=='true') or '$(Base_Win64)'!=''">
        <Base_Win64>true</Base_Win64>
        <CfgParent>Base</CfgParent>
        <Base>true</Base>
    </PropertyGroup>
    <PropertyGroup Condition="'$(Config)'=='Release' or '$(Cfg_1)'!=''">
        <Cfg_1>true</Cfg_1>
        <CfgParent>Base</CfgParent>
        <Base>true</Base>
    </PropertyGroup>
    <PropertyGroup Condition="('$(Platform)'=='Win32' and '$(Cfg_1)'=='true') or '$(Cfg_1_Win32)'!=''">
        <Cfg_1_Win32>true</Cfg_1_Win32>
        <CfgParent>Cfg_1</CfgParent>
        <Cfg_1>true</Cfg_1>
        <Base>true</Base>
    </PropertyGroup>
    <PropertyGroup Condition="('$(Platform)'=='Win64' and '$(Cfg_1)'=='true') or '$(Cfg_1_Win64)'!=''">
        <Cfg_1_Win64>true</Cfg_1_Win64>
        <CfgParent>Cfg_1</CfgParent>
        <Cfg_1>true</Cfg_1>
        <Base>true</Base>
    </PropertyGroup>
    <PropertyGroup Condition="'$(Config)'=='Debug' or '$(Cfg_2)'!=''">
        <Cfg_2>true</Cfg_2>
        <CfgParent>Base</CfgParent>
        <Base>true</Base>
    </PropertyGroup>
    <PropertyGroup Condition="('$(Platform)'=='Win32' and '$(Cfg_2)'=='true') or '$(Cfg_2_Win32)'!=''">
        <Cfg_2_Win32>true</Cfg_2_Win32>
        <CfgParent>Cfg_2</CfgParent>
        <Cfg_2>true</Cfg_2>
        <Base>true</Base>
    </PropertyGroup>
    <PropertyGroup Condition="('$(Platform)'=='Win64' and '$(Cfg_2)'=='true') or '$(Cfg_2_Win64)'!=''">
        <Cfg_2_Win64>true</Cfg_2_Win64>
        <CfgParent>Cfg_2</CfgParent>
        <Cfg_2>true</Cfg_2>
        <Base>true</Base>
    </PropertyGroup>
    <PropertyGroup Condition="'$(Base)'!=''">
        <VCL_Custom_Styles>&quot;Aqua Light Slate|VCLSTYLE|$(PUBLIC)\Documents\RAD Studio\9.0\Styles\AquaLightSlate.vsf&quot;;&quot;Emerald Light Slate|VCLSTYLE|$(PUBLIC)\Documents\RAD Studio\9.0\Styles\EmeraldLightSlate.vsf&quot;;&quot;Iceberg Classico|VCLSTYLE|$(PUBLIC)\Documents\RAD Studio\9.0\Styles\IcebergClassico.vsf&quot;;&quot;Lavender Classico|VCLSTYLE|$(PUBLIC)\Documents\RAD Studio\9.0\Styles\LavenderClassico.vsf&quot;;&quot;Slate Classico|VCLSTYLE|$(PUBLIC)\Documents\RAD Studio\9.0\Styles\SlateClassico.vsf&quot;;&quot;Smokey Quartz Kamri|VCLSTYLE|$(PUBLIC)\Documents\RAD Studio\9.0\Styles\SmokeyQuartzKamri.vsf&quot;;&quot;Turquoise Gray|VCLSTYLE|$(PUBLIC)\Documents\RAD Studio\9.0\Styles\TurquoiseGray.vsf&quot;</VCL_Custom_Styles>
        <VerInfo_MinorVer>1</VerInfo_MinorVer>
        <VerInfo_IncludeVerInfo>true</VerInfo_IncludeVerInfo>
        <DCC_Namespace>Vcl;Vcl.Imaging;Vcl.Touch;Vcl.Samples;Vcl.Shell;System;Xml;Data;Datasnap;Web;Soap;Winapi;VCLTee;$(DCC_Namespace)</DCC_Namespace>
        <VerInfo_MajorVer>5</VerInfo_MajorVer>
        <VerInfo_Locale>1033</VerInfo_Locale>
        <VerInfo_Keys>CompanyName=;FileDescription=;FileVersion=5.1.0.0;InternalName=;LegalCopyright=;LegalTrademarks=;OriginalFilename=;ProductName=;ProductVersion=1.0.0.0;Comments=</VerInfo_Keys>
        <DCC_UsePackage>vclx;vcl;vclimg;dbrtl;Rave77VCL;bdertl;rtl;vclactnband;vcldb;vcldbx;vcltouch;xmlrtl;dsnap;dsnapcon;vclib;ibxpress;adortl;IndyCore;IndySystem;IndyProtocols;inet;intrawebdb_100_140;Intraweb_100_140;VclSmp;vclie;inetdb;webdsnap;websnap;inetdbbde;inetdbxpress;soaprtl;vclribbon;DbxCommonDriver;DbxClientDriver;DBXInterBaseDriver;DBXMySQLDriver;dbexpress;dbxcds;TeeUI;TeeDB;Tee;O408_r;Epa;$(DCC_UsePackage)</DCC_UsePackage>
        <DCC_WriteableConstants>true</DCC_WriteableConstants>
        <DCC_DependencyCheckOutputName>Epaswmm5.exe</DCC_DependencyCheckOutputName>
        <DCC_ImageBase>00400000</DCC_ImageBase>
        <DCC_Platform>x86</DCC_Platform>
        <SanitizedProjectName>ITM</SanitizedProjectName>
        <Custom_Styles>&quot;Aqua Light Slate|VCLSTYLE|$(BDSCOMMONDIR)\Styles\AquaLightSlate.vsf&quot;;&quot;Iceberg Classico|VCLSTYLE|$(BDSCOMMONDIR)\Styles\IcebergClassico.vsf&quot;;&quot;Lavender Classico|VCLSTYLE|$(BDSCOMMONDIR)\Styles\LavenderClassico.vsf&quot;;Sky|VCLSTYLE|$(BDSCOMMONDIR)\Styles\Sky.vsf;&quot;Slate Classico|VCLSTYLE|$(BDSCOMMONDIR)\Styles\SlateClassico.vsf&quot;;&quot;Tablet Light|VCLSTYLE|$(BDSCOMMONDIR)\Styles\TabletLight.vsf&quot;;Windows10|VCLSTYLE|$(BDSCOMMONDIR)\Styles\Windows10.vsf;&quot;Cyan Dusk|VCLSTYLE|$(BDSCOMMONDIR)\Styles\CyanDusk.vsf&quot;;&quot;Emerald Light Slate|VCLSTYLE|$(BDSCOMMONDIR)\Styles\EmeraldLightSlate.vsf&quot;;Light|VCLSTYLE|$(BDSCOMMONDIR)\Styles\Light.vsf;Luna|VCLSTYLE|$(BDSCOMMONDIR)\Styles\Luna.vsf;&quot;Sapphire Kamri|VCLSTYLE|$(BDSCOMMONDIR)\Styles\SapphireKamri.vsf&quot;;Silver|VCLSTYLE|$(BDSCOMMONDIR)\Styles\Silver.vsf;&quot;Smokey Quartz Kamri|VCLSTYLE|$(BDSCOMMONDIR)\Styles\SmokeyQuartzKamri.vsf&quot;;&quot;Turquoise Gray|VCLSTYLE|$(BDSCOMMONDIR)\Styles\TurquoiseGray.vsf&quot;</Custom_Styles>
        <Icon_MainIcon>$(BDS)\bin\delphi_PROJECTICON.ico</Icon_MainIcon>
        <UWP_DelphiLogo44>$(BDS)\bin\Artwork\Windows\UWP\delphi_UwpDefault_44.png</UWP_DelphiLogo44>
        <UWP_DelphiLogo150>$(BDS)\bin\Artwork\Windows\UWP\delphi_UwpDefault_150.png</UWP_DelphiLogo150>
    </PropertyGroup>
    <PropertyGroup Condition="'$(Base_Win32)'!=''">
        <VerInfo_IncludeVerInfo>true</VerInfo_IncludeVerInfo>
        <Icon_MainIcon>Epaswmm5_Icon1.ico</Icon_MainIcon>
        <DCC_Namespace>System.Win;Data.Win;Datasnap.Win;Web.Win;Soap.Win;Xml.Win;Bde;$(DCC_Namespace)</DCC_Namespace>
        <VerInfo_Locale>1033</VerInfo_Locale>
        <Manifest_File>$(BDS)\bin\default_app.manifest</Manifest_File>
        <VerInfo_Keys>CompanyName=;FileVersion=1.0.0.0;InternalName=;LegalCopyright=;LegalTrademarks=;OriginalFilename=;ProductVersion=1.0.0.0;Comments=;ProgramID=com.embarcadero.$(MSBuildProjectName);FileDescription=$(MSBuildProjectName);ProductName=$(MSBuildProjectName)</VerInfo_Keys>
        <AppEnableRuntimeThemes>true</AppEnableRuntimeThemes>
        <UWP_DelphiLogo44>$(BDS)\bin\Artwork\Windows\UWP\delphi_UwpDefault_44.png</UWP_DelphiLogo44>
        <UWP_DelphiLogo150>$(BDS)\bin\Artwork\Windows\UWP\delphi_UwpDefault_150.png</UWP_DelphiLogo150>
    </PropertyGroup>
    <PropertyGroup Condition="'$(Base_Win64)'!=''">
        <DCC_Namespace>System.Win;Data.Win;Datasnap.Win;Web.Win;Soap.Win;Xml.Win;$(DCC_Namespace)</DCC_Namespace>
        <BT_BuildType>Debug</BT_BuildType>
        <VerInfo_Keys>CompanyName=;FileDescription=$(MSBuildProjectName);FileVersion=1.0.0.0;InternalName=;LegalCopyright=;LegalTrademarks=;OriginalFilename=;ProgramID=com.embarcadero.$(MSBuildProjectName);ProductName=$(MSBuildProjectName);ProductVersion=1.0.0.0;Comments=</VerInfo_Keys>
        <Manifest_File>$(BDS)\bin\default_app.manifest</Manifest_File>
    </PropertyGroup>
    <PropertyGroup Condition="'$(Cfg_1)'!=''">
        <DCC_LocalDebugSymbols>false</DCC_LocalDebugSymbols>
        <DCC_Define>RELEASE;$(DCC_Define)</DCC_Define>
        <DCC_SymbolReferenceInfo>0</DCC_SymbolReferenceInfo>
        <DCC_DebugInformation>0</DCC_DebugInformation>
    </PropertyGroup>
    <PropertyGroup Condition="'$(Cfg_1_Win32)'!=''">
        <VerInfo_Build>1</VerInfo_Build>
        <Icon_MainIcon>ITM_Icon.ico</Icon_MainIcon>
        <VerInfo_Keys>CompanyName=;FileVersion=1.5.0.1;InternalName=;LegalCopyright=;LegalTrademarks=;OriginalFilename=;ProductName=ITM;ProductVersion=1.5;Comments=;ProgramID=com.embarcadero.$(MSBuildProjectName);FileDescription=$(MSBuildProjectName)</VerInfo_Keys>
        <AppEnableRuntimeThemes>true</AppEnableRuntimeThemes>
        <AppDPIAwarenessMode>PerMonitorV2</AppDPIAwarenessMode>
        <BT_BuildType>Debug</BT_BuildType>
        <VerInfo_MajorVer>1</VerInfo_MajorVer>
        <VerInfo_MinorVer>5</VerInfo_MinorVer>
        <DCC_ExeOutput>C:\Consulting\ITM-SWMM\ITM_Current_version\gui\win32\</DCC_ExeOutput>
    </PropertyGroup>
    <PropertyGroup Condition="'$(Cfg_1_Win64)'!=''">
        <AppEnableRuntimeThemes>true</AppEnableRuntimeThemes>
        <AppDPIAwarenessMode>PerMonitorV2</AppDPIAwarenessMode>
        <DCC_ExeOutput>C:\Consulting\ITM-SWMM\ITM-dev\gui\win64\</DCC_ExeOutput>
        <VerInfo_MajorVer>1</VerInfo_MajorVer>
        <VerInfo_MinorVer>0</VerInfo_MinorVer>
        <VerInfo_Keys>CompanyName=;FileDescription=$(MSBuildProjectName);FileVersion=1.0.0.0;InternalName=;LegalCopyright=;LegalTrademarks=;OriginalFilename=;ProgramID=com.embarcadero.$(MSBuildProjectName);ProductName=$(MSBuildProjectName);ProductVersion=1.0.0.0;Comments=</VerInfo_Keys>
    </PropertyGroup>
    <PropertyGroup Condition="'$(Cfg_2)'!=''">
        <DCC_Define>DEBUG;$(DCC_Define)</DCC_Define>
    </PropertyGroup>
    <PropertyGroup Condition="'$(Cfg_2_Win32)'!=''">
        <Icon_MainIcon>Epaswmm5_Icon1.ico</Icon_MainIcon>
    </PropertyGroup>
    <PropertyGroup Condition="'$(Cfg_2_Win64)'!=''">
        <AppEnableRuntimeThemes>true</AppEnableRuntimeThemes>
        <AppDPIAwarenessMode>PerMonitorV2</AppDPIAwarenessMode>
    </PropertyGroup>
    <ItemGroup>
        <DelphiCompile Include="$(MainSource)">
            <MainSource>MainSource</MainSource>
        </DelphiCompile>
        <DCCReference Include="Dabout.pas">
            <Form>AboutBoxForm</Form>
        </DCCReference>
        <DCCReference Include="Fmap.pas">
            <Form>MapForm</Form>
        </DCCReference>
        <DCCReference Include="Uglobals.pas"/>
        <DCCReference Include="Uutils.pas"/>
        <DCCReference Include="Fproped.pas">
            <Form>PropEditForm</Form>
        </DCCReference>
        <DCCReference Include="PropEdit.pas"/>
        <DCCReference Include="Dprefers.pas">
            <Form>PreferencesForm</Form>
        </DCCReference>
        <DCCReference Include="Umap.pas"/>
        <DCCReference Include="Dmapdim.pas">
            <Form>MapDimensionsForm</Form>
        </DCCReference>
        <DCCReference Include="Dlabel.pas">
            <Form>LabelForm</Form>
        </DCCReference>
        <DCCReference Include="Uinifile.pas"/>
        <DCCReference Include="Dlegend.pas">
            <Form>LegendForm</Form>
        </DCCReference>
        <DCCReference Include="Dcolramp.pas">
            <Form>ColorRampForm</Form>
        </DCCReference>
        <DCCReference Include="Uproject.pas"/>
        <DCCReference Include="Uedit.pas"/>
        <DCCReference Include="Dcurve.pas">
            <Form>CurveDataForm</Form>
        </DCCReference>
        <DCCReference Include="Uexport.pas"/>
        <DCCReference Include="Dmap.pas">
            <Form>MapOptionsForm</Form>
        </DCCReference>
        <DCCReference Include="Dtseries.pas">
            <Form>TimeseriesForm</Form>
        </DCCReference>
        <DCCReference Include="Uvertex.pas"/>
        <DCCReference Include="Uoutput.pas"/>
        <DCCReference Include="Ulegend.pas"/>
        <DCCReference Include="Fstatus.pas">
            <Form>StatusForm</Form>
        </DCCReference>
        <DCCReference Include="Dreport.pas">
            <Form>ReportSelectForm</Form>
        </DCCReference>
        <DCCReference Include="Fgraph.pas">
            <Form>GraphForm</Form>
        </DCCReference>
        <DCCReference Include="Dcopy.pas">
            <Form>CopyToForm</Form>
        </DCCReference>
        <DCCReference Include="Ubrowser.pas"/>
        <DCCReference Include="Fovmap.pas">
            <Form>OVMapForm</Form>
        </DCCReference>
        <DCCReference Include="Ddefault.pas">
            <Form>DefaultsForm</Form>
        </DCCReference>
        <DCCReference Include="Fmain.pas">
            <Form>MainForm</Form>
        </DCCReference>
        <DCCReference Include="Uimport.pas"/>
        <DCCReference Include="Dfind.pas">
            <Form>FindForm</Form>
        </DCCReference>
        <DCCReference Include="Udxf.pas"/>
        <DCCReference Include="Dgrouped.pas">
            <Form>GroupEditForm</Form>
        </DCCReference>
        <DCCReference Include="Dquery.pas">
            <Form>QueryForm</Form>
        </DCCReference>
        <DCCReference Include="Doptions.pas">
            <Form>AnalysisOptionsForm</Form>
        </DCCReference>
        <DCCReference Include="Ftable.pas">
            <Form>TableForm</Form>
        </DCCReference>
        <DCCReference Include="Fproplot.pas">
            <Form>ProfilePlotForm</Form>
        </DCCReference>
        <DCCReference Include="Dproplot.pas">
            <Form>ProfilePlotOptionsForm</Form>
        </DCCReference>
        <DCCReference Include="Dprofile.pas">
            <Form>ProfileSelectionForm</Form>
        </DCCReference>
        <DCCReference Include="Dgrpdel.pas">
            <Form>GroupDeleteForm</Form>
        </DCCReference>
        <DCCReference Include="Fsimul.pas">
            <Form>SimulationForm</Form>
        </DCCReference>
        <DCCReference Include="Fstats.pas">
            <Form>StatsReportForm</Form>
        </DCCReference>
        <DCCReference Include="Ugraph.pas"/>
        <DCCReference Include="Dprevplot.pas">
            <Form>PreviewPlotForm</Form>
        </DCCReference>
        <DCCReference Include="Dstats.pas">
            <Form>StatsSelectForm</Form>
        </DCCReference>
        <DCCReference Include="GridEdit.pas">
            <Form>GridEditFrame</Form>
            <DesignClass>TFrame</DesignClass>
        </DCCReference>
        <DCCReference Include="Dsummary.pas">
            <Form>ProjectSummaryForm</Form>
        </DCCReference>
        <DCCReference Include="Uupdate.pas"/>
        <DCCReference Include="Uvalidate.pas"/>
        <DCCReference Include="Uclipbrd.pas"/>
        <DCCReference Include="Dnotes.pas">
            <Form>NotesEditorForm</Form>
        </DCCReference>
        <DCCReference Include="Dbackdrp.pas">
            <Form>BackdropFileForm</Form>
        </DCCReference>
        <DCCReference Include="Dbackdim.pas">
            <Form>BackdropDimensionsForm</Form>
        </DCCReference>
        <DCCReference Include="Ucoords.pas"/>
        <DCCReference Include="UpDnEdit.pas">
            <Form>UpDnEditBox</Form>
            <DesignClass>TFrame</DesignClass>
        </DCCReference>
        <DCCReference Include="Dchart.pas">
            <Form>ChartOptionsDlg</Form>
        </DCCReference>
        <DCCReference Include="Dproject.pas">
            <Form>ProjectForm</Form>
        </DCCReference>
        <DCCReference Include="Dtimeplot.pas">
            <Form>TimePlotForm</Form>
        </DCCReference>
        <DCCReference Include="Dproselect.pas">
            <Form>ProfileSelectForm</Form>
            <FormType>dfm</FormType>
        </DCCReference>
        <DCCReference Include="Animator.pas">
            <Form>AnimatorFrame</Form>
            <FormType>dfm</FormType>
            <DesignClass>TFrame</DesignClass>
        </DCCReference>
        <DCCReference Include="Ustats.pas"/>
        <DCCReference Include="itm_api.pas"/>
        <DCCReference Include="Dinflow.pas">
            <Form>InflowsForm</Form>
            <FormType>dfm</FormType>
        </DCCReference>
        <DCCReference Include="itm_export.pas"/>
        <None Include="objprops.txt"/>
        <None Include="viewvars.txt"/>
        <BuildConfiguration Include="Debug">
            <Key>Cfg_2</Key>
            <CfgParent>Base</CfgParent>
        </BuildConfiguration>
        <BuildConfiguration Include="Base">
            <Key>Base</Key>
        </BuildConfiguration>
        <BuildConfiguration Include="Release">
            <Key>Cfg_1</Key>
            <CfgParent>Base</CfgParent>
        </BuildConfiguration>
    </ItemGroup>
    <Import Condition="Exists('$(BDS)\Bin\CodeGear.Delphi.Targets')" Project="$(BDS)\Bin\CodeGear.Delphi.Targets"/>
    <ProjectExtensions>
        <Borland.Personality>Delphi.Personality.12</Borland.Personality>
        <Borland.ProjectType>VCLApplication</Borland.ProjectType>
        <BorlandProject>
            <Delphi.Personality>
                <Source>
                    <Source Name="MainSource">ITM.dpr</Source>
                </Source>
                <Parameters>
                    <Parameters Name="UseLauncher">False</Parameters>
                    <Parameters Name="LoadAllSymbols">True</Parameters>
                    <Parameters Name="LoadUnspecifiedSymbols">False</Parameters>
                </Parameters>
                <VersionInfo>
                    <VersionInfo Name="IncludeVerInfo">True</VersionInfo>
                    <VersionInfo Name="AutoIncBuild">False</VersionInfo>
                    <VersionInfo Name="MajorVer">5</VersionInfo>
                    <VersionInfo Name="MinorVer">1</VersionInfo>
                    <VersionInfo Name="Release">0</VersionInfo>
                    <VersionInfo Name="Build">0</VersionInfo>
                    <VersionInfo Name="Debug">False</VersionInfo>
                    <VersionInfo Name="PreRelease">False</VersionInfo>
                    <VersionInfo Name="Special">False</VersionInfo>
                    <VersionInfo Name="Private">False</VersionInfo>
                    <VersionInfo Name="DLL">False</VersionInfo>
                    <VersionInfo Name="Locale">1033</VersionInfo>
                    <VersionInfo Name="CodePage">1252</VersionInfo>
                </VersionInfo>
                <VersionInfoKeys>
                    <VersionInfoKeys Name="CompanyName"/>
                    <VersionInfoKeys Name="FileDescription"/>
                    <VersionInfoKeys Name="FileVersion">5.1.0.0</VersionInfoKeys>
                    <VersionInfoKeys Name="InternalName"/>
                    <VersionInfoKeys Name="LegalCopyright"/>
                    <VersionInfoKeys Name="LegalTrademarks"/>
                    <VersionInfoKeys Name="OriginalFilename"/>
                    <VersionInfoKeys Name="ProductName"/>
                    <VersionInfoKeys Name="ProductVersion">1.0.0.0</VersionInfoKeys>
                    <VersionInfoKeys Name="Comments"/>
                </VersionInfoKeys>
                <Excluded_Packages>
                    <Excluded_Packages Name="$(BDSBIN)\dcloffice2k270.bpl">Microsoft Office 2000 Sample Automation Server Wrapper Components</Excluded_Packages>
                    <Excluded_Packages Name="$(BDSBIN)\dclofficexp270.bpl">Microsoft Office XP Sample Automation Server Wrapper Components</Excluded_Packages>
                </Excluded_Packages>
            </Delphi.Personality>
            <Platforms>
                <Platform value="Win32">True</Platform>
                <Platform value="Win64">True</Platform>
            </Platforms>
            <Deployment Version="3">
                <DeployFile LocalName="objprops.txt" Configuration="Release" Class="ProjectFile">
                    <Platform Name="Win32">
                        <RemoteDir>.\</RemoteDir>
                        <Overwrite>true</Overwrite>
                    </Platform>
                </DeployFile>
                <DeployFile LocalName="viewvars.txt" Configuration="Release" Class="ProjectFile">
                    <Platform Name="Win32">
                        <RemoteDir>.\</RemoteDir>
                        <Overwrite>true</Overwrite>
                    </Platform>
                </DeployFile>
                <DeployFile LocalName="win32\ITM.exe" Configuration="Release" Class="ProjectOutput">
                    <Platform Name="Win32">
                        <RemoteName>ITM.exe</RemoteName>
                        <Overwrite>true</Overwrite>
                    </Platform>
                </DeployFile>
                <DeployFile LocalName="Epaswmm5.exe" Configuration="Release" Class="ProjectOutput"/>
                <DeployClass Name="AdditionalDebugSymbols">
                    <Platform Name="OSX32">
                        <Operation>1</Operation>
                    </Platform>
                    <Platform Name="Win32">
                        <Operation>0</Operation>
                    </Platform>
                </DeployClass>
                <DeployClass Name="AndroidClassesDexFile">
                    <Platform Name="Android">
                        <RemoteDir>classes</RemoteDir>
                        <Operation>1</Operation>
                    </Platform>
                    <Platform Name="Android64">
                        <RemoteDir>classes</RemoteDir>
                        <Operation>1</Operation>
                    </Platform>
                </DeployClass>
                <DeployClass Name="AndroidFileProvider">
                    <Platform Name="Android">
                        <RemoteDir>res\xml</RemoteDir>
                        <Operation>1</Operation>
                    </Platform>
                    <Platform Name="Android64">
                        <RemoteDir>res\xml</RemoteDir>
                        <Operation>1</Operation>
                    </Platform>
                </DeployClass>
                <DeployClass Name="AndroidGDBServer">
                    <Platform Name="Android">
                        <RemoteDir>library\lib\armeabi-v7a</RemoteDir>
                        <Operation>1</Operation>
                    </Platform>
                </DeployClass>
                <DeployClass Name="AndroidLibnativeArmeabiFile">
                    <Platform Name="Android">
                        <RemoteDir>library\lib\armeabi</RemoteDir>
                        <Operation>1</Operation>
                    </Platform>
                    <Platform Name="Android64">
                        <RemoteDir>library\lib\armeabi</RemoteDir>
                        <Operation>1</Operation>
                    </Platform>
                </DeployClass>
                <DeployClass Name="AndroidLibnativeArmeabiv7aFile">
                    <Platform Name="Android64">
                        <RemoteDir>library\lib\armeabi-v7a</RemoteDir>
                        <Operation>1</Operation>
                    </Platform>
                </DeployClass>
                <DeployClass Name="AndroidLibnativeMipsFile">
                    <Platform Name="Android">
                        <RemoteDir>library\lib\mips</RemoteDir>
                        <Operation>1</Operation>
                    </Platform>
                    <Platform Name="Android64">
                        <RemoteDir>library\lib\mips</RemoteDir>
                        <Operation>1</Operation>
                    </Platform>
                </DeployClass>
                <DeployClass Name="AndroidServiceOutput">
                    <Platform Name="Android">
                        <RemoteDir>library\lib\armeabi-v7a</RemoteDir>
                        <Operation>1</Operation>
                    </Platform>
                    <Platform Name="Android64">
                        <RemoteDir>library\lib\arm64-v8a</RemoteDir>
                        <Operation>1</Operation>
                    </Platform>
                </DeployClass>
                <DeployClass Name="AndroidServiceOutput_Android32">
                    <Platform Name="Android64">
                        <RemoteDir>library\lib\armeabi-v7a</RemoteDir>
                        <Operation>1</Operation>
                    </Platform>
                </DeployClass>
                <DeployClass Name="AndroidSplashImageDef">
                    <Platform Name="Android">
                        <RemoteDir>res\drawable</RemoteDir>
                        <Operation>1</Operation>
                    </Platform>
                    <Platform Name="Android64">
                        <RemoteDir>res\drawable</RemoteDir>
                        <Operation>1</Operation>
                    </Platform>
                </DeployClass>
                <DeployClass Name="AndroidSplashStyles">
                    <Platform Name="Android">
                        <RemoteDir>res\values</RemoteDir>
                        <Operation>1</Operation>
                    </Platform>
                    <Platform Name="Android64">
                        <RemoteDir>res\values</RemoteDir>
                        <Operation>1</Operation>
                    </Platform>
                </DeployClass>
                <DeployClass Name="AndroidSplashStylesV21">
                    <Platform Name="Android">
                        <RemoteDir>res\values-v21</RemoteDir>
                        <Operation>1</Operation>
                    </Platform>
                    <Platform Name="Android64">
                        <RemoteDir>res\values-v21</RemoteDir>
                        <Operation>1</Operation>
                    </Platform>
                </DeployClass>
                <DeployClass Name="Android_Colors">
                    <Platform Name="Android">
                        <RemoteDir>res\values</RemoteDir>
                        <Operation>1</Operation>
                    </Platform>
                    <Platform Name="Android64">
                        <RemoteDir>res\values</RemoteDir>
                        <Operation>1</Operation>
                    </Platform>
                </DeployClass>
                <DeployClass Name="Android_DefaultAppIcon">
                    <Platform Name="Android">
                        <RemoteDir>res\drawable</RemoteDir>
                        <Operation>1</Operation>
                    </Platform>
                    <Platform Name="Android64">
                        <RemoteDir>res\drawable</RemoteDir>
                        <Operation>1</Operation>
                    </Platform>
                </DeployClass>
                <DeployClass Name="Android_LauncherIcon144">
                    <Platform Name="Android">
                        <RemoteDir>res\drawable-xxhdpi</RemoteDir>
                        <Operation>1</Operation>
                    </Platform>
                    <Platform Name="Android64">
                        <RemoteDir>res\drawable-xxhdpi</RemoteDir>
                        <Operation>1</Operation>
                    </Platform>
                </DeployClass>
                <DeployClass Name="Android_LauncherIcon192">
                    <Platform Name="Android">
                        <RemoteDir>res\drawable-xxxhdpi</RemoteDir>
                        <Operation>1</Operation>
                    </Platform>
                    <Platform Name="Android64">
                        <RemoteDir>res\drawable-xxxhdpi</RemoteDir>
                        <Operation>1</Operation>
                    </Platform>
                </DeployClass>
                <DeployClass Name="Android_LauncherIcon36">
                    <Platform Name="Android">
                        <RemoteDir>res\drawable-ldpi</RemoteDir>
                        <Operation>1</Operation>
                    </Platform>
                    <Platform Name="Android64">
                        <RemoteDir>res\drawable-ldpi</RemoteDir>
                        <Operation>1</Operation>
                    </Platform>
                </DeployClass>
                <DeployClass Name="Android_LauncherIcon48">
                    <Platform Name="Android">
                        <RemoteDir>res\drawable-mdpi</RemoteDir>
                        <Operation>1</Operation>
                    </Platform>
                    <Platform Name="Android64">
                        <RemoteDir>res\drawable-mdpi</RemoteDir>
                        <Operation>1</Operation>
                    </Platform>
                </DeployClass>
                <DeployClass Name="Android_LauncherIcon72">
                    <Platform Name="Android">
                        <RemoteDir>res\drawable-hdpi</RemoteDir>
                        <Operation>1</Operation>
                    </Platform>
                    <Platform Name="Android64">
                        <RemoteDir>res\drawable-hdpi</RemoteDir>
                        <Operation>1</Operation>
                    </Platform>
                </DeployClass>
                <DeployClass Name="Android_LauncherIcon96">
                    <Platform Name="Android">
                        <RemoteDir>res\drawable-xhdpi</RemoteDir>
                        <Operation>1</Operation>
                    </Platform>
                    <Platform Name="Android64">
                        <RemoteDir>res\drawable-xhdpi</RemoteDir>
                        <Operation>1</Operation>
                    </Platform>
                </DeployClass>
                <DeployClass Name="Android_NotificationIcon24">
                    <Platform Name="Android">
                        <RemoteDir>res\drawable-mdpi</RemoteDir>
                        <Operation>1</Operation>
                    </Platform>
                    <Platform Name="Android64">
                        <RemoteDir>res\drawable-mdpi</RemoteDir>
                        <Operation>1</Operation>
                    </Platform>
                </DeployClass>
                <DeployClass Name="Android_NotificationIcon36">
                    <Platform Name="Android">
                        <RemoteDir>res\drawable-hdpi</RemoteDir>
                        <Operation>1</Operation>
                    </Platform>
                    <Platform Name="Android64">
                        <RemoteDir>res\drawable-hdpi</RemoteDir>
                        <Operation>1</Operation>
                    </Platform>
                </DeployClass>
                <DeployClass Name="Android_NotificationIcon48">
                    <Platform Name="Android">
                        <RemoteDir>res\drawable-xhdpi</RemoteDir>
                        <Operation>1</Operation>
                    </Platform>
                    <Platform Name="Android64">
                        <RemoteDir>res\drawable-xhdpi</RemoteDir>
                        <Operation>1</Operation>
                    </Platform>
                </DeployClass>
                <DeployClass Name="Android_NotificationIcon72">
                    <Platform Name="Android">
                        <RemoteDir>res\drawable-xxhdpi</RemoteDir>
                        <Operation>1</Operation>
                    </Platform>
                    <Platform Name="Android64">
                        <RemoteDir>res\drawable-xxhdpi</RemoteDir>
                        <Operation>1</Operation>
                    </Platform>
                </DeployClass>
                <DeployClass Name="Android_NotificationIcon96">
                    <Platform Name="Android">
                        <RemoteDir>res\drawable-xxxhdpi</RemoteDir>
                        <Operation>1</Operation>
                    </Platform>
                    <Platform Name="Android64">
                        <RemoteDir>res\drawable-xxxhdpi</RemoteDir>
                        <Operation>1</Operation>
                    </Platform>
                </DeployClass>
                <DeployClass Name="Android_SplashImage426">
                    <Platform Name="Android">
                        <RemoteDir>res\drawable-small</RemoteDir>
                        <Operation>1</Operation>
                    </Platform>
                    <Platform Name="Android64">
                        <RemoteDir>res\drawable-small</RemoteDir>
                        <Operation>1</Operation>
                    </Platform>
                </DeployClass>
                <DeployClass Name="Android_SplashImage470">
                    <Platform Name="Android">
                        <RemoteDir>res\drawable-normal</RemoteDir>
                        <Operation>1</Operation>
                    </Platform>
                    <Platform Name="Android64">
                        <RemoteDir>res\drawable-normal</RemoteDir>
                        <Operation>1</Operation>
                    </Platform>
                </DeployClass>
                <DeployClass Name="Android_SplashImage640">
                    <Platform Name="Android">
                        <RemoteDir>res\drawable-large</RemoteDir>
                        <Operation>1</Operation>
                    </Platform>
                    <Platform Name="Android64">
                        <RemoteDir>res\drawable-large</RemoteDir>
                        <Operation>1</Operation>
                    </Platform>
                </DeployClass>
                <DeployClass Name="Android_SplashImage960">
                    <Platform Name="Android">
                        <RemoteDir>res\drawable-xlarge</RemoteDir>
                        <Operation>1</Operation>
                    </Platform>
                    <Platform Name="Android64">
                        <RemoteDir>res\drawable-xlarge</RemoteDir>
                        <Operation>1</Operation>
                    </Platform>
                </DeployClass>
                <DeployClass Name="Android_Strings">
                    <Platform Name="Android">
                        <RemoteDir>res\values</RemoteDir>
                        <Operation>1</Operation>
                    </Platform>
                    <Platform Name="Android64">
                        <RemoteDir>res\values</RemoteDir>
                        <Operation>1</Operation>
                    </Platform>
                </DeployClass>
                <DeployClass Name="DebugSymbols">
                    <Platform Name="iOSSimulator">
                        <Operation>1</Operation>
                    </Platform>
                    <Platform Name="OSX32">
                        <Operation>1</Operation>
                    </Platform>
                    <Platform Name="Win32">
                        <Operation>0</Operation>
                    </Platform>
                </DeployClass>
                <DeployClass Name="DependencyFramework">
                    <Platform Name="OSX32">
                        <Operation>1</Operation>
                        <Extensions>.framework</Extensions>
                    </Platform>
                    <Platform Name="OSX64">
                        <Operation>1</Operation>
                        <Extensions>.framework</Extensions>
                    </Platform>
                    <Platform Name="Win32">
                        <Operation>0</Operation>
                    </Platform>
                </DeployClass>
                <DeployClass Name="DependencyModule">
                    <Platform Name="OSX32">
                        <Operation>1</Operation>
                        <Extensions>.dylib</Extensions>
                    </Platform>
                    <Platform Name="OSX64">
                        <Operation>1</Operation>
                        <Extensions>.dylib</Extensions>
                    </Platform>
                    <Platform Name="Win32">
                        <Operation>0</Operation>
                        <Extensions>.dll;.bpl</Extensions>
                    </Platform>
                </DeployClass>
                <DeployClass Required="true" Name="DependencyPackage">
                    <Platform Name="iOSDevice32">
                        <Operation>1</Operation>
                        <Extensions>.dylib</Extensions>
                    </Platform>
                    <Platform Name="iOSDevice64">
                        <Operation>1</Operation>
                        <Extensions>.dylib</Extensions>
                    </Platform>
                    <Platform Name="iOSSimulator">
                        <Operation>1</Operation>
                        <Extensions>.dylib</Extensions>
                    </Platform>
                    <Platform Name="OSX32">
                        <Operation>1</Operation>
                        <Extensions>.dylib</Extensions>
                    </Platform>
                    <Platform Name="OSX64">
                        <Operation>1</Operation>
                        <Extensions>.dylib</Extensions>
                    </Platform>
                    <Platform Name="Win32">
                        <Operation>0</Operation>
                        <Extensions>.bpl</Extensions>
                    </Platform>
                </DeployClass>
                <DeployClass Name="File">
                    <Platform Name="Android">
                        <Operation>0</Operation>
                    </Platform>
                    <Platform Name="Android64">
                        <Operation>0</Operation>
                    </Platform>
                    <Platform Name="iOSDevice32">
                        <Operation>0</Operation>
                    </Platform>
                    <Platform Name="iOSDevice64">
                        <Operation>0</Operation>
                    </Platform>
                    <Platform Name="iOSSimulator">
                        <Operation>0</Operation>
                    </Platform>
                    <Platform Name="OSX32">
                        <Operation>0</Operation>
                    </Platform>
                    <Platform Name="OSX64">
                        <Operation>0</Operation>
                    </Platform>
                    <Platform Name="Win32">
                        <Operation>0</Operation>
                    </Platform>
                </DeployClass>
                <DeployClass Name="iOS_AppStore1024">
                    <Platform Name="iOSDevice64">
                        <RemoteDir>..\$(PROJECTNAME).launchscreen\Assets\AppIcon.appiconset</RemoteDir>
                        <Operation>1</Operation>
                    </Platform>
                </DeployClass>
                <DeployClass Name="iPad_AppIcon152">
                    <Platform Name="iOSDevice64">
                        <RemoteDir>..\$(PROJECTNAME).launchscreen\Assets\AppIcon.appiconset</RemoteDir>
                        <Operation>1</Operation>
                    </Platform>
                    <Platform Name="iOSSimulator">
                        <RemoteDir>..\$(PROJECTNAME).launchscreen\Assets\AppIcon.appiconset</RemoteDir>
                        <Operation>1</Operation>
                    </Platform>
                </DeployClass>
                <DeployClass Name="iPad_AppIcon167">
                    <Platform Name="iOSDevice64">
                        <RemoteDir>..\$(PROJECTNAME).launchscreen\Assets\AppIcon.appiconset</RemoteDir>
                        <Operation>1</Operation>
                    </Platform>
                    <Platform Name="iOSSimulator">
                        <RemoteDir>..\$(PROJECTNAME).launchscreen\Assets\AppIcon.appiconset</RemoteDir>
                        <Operation>1</Operation>
                    </Platform>
                </DeployClass>
                <DeployClass Name="iPad_Launch1024x768">
                    <Platform Name="iOSDevice32">
                        <Operation>1</Operation>
                    </Platform>
                    <Platform Name="iOSDevice64">
                        <Operation>1</Operation>
                    </Platform>
                    <Platform Name="iOSSimulator">
                        <Operation>1</Operation>
                    </Platform>
                </DeployClass>
                <DeployClass Name="iPad_Launch1536x2048">
                    <Platform Name="iOSDevice32">
                        <Operation>1</Operation>
                    </Platform>
                    <Platform Name="iOSDevice64">
                        <Operation>1</Operation>
                    </Platform>
                    <Platform Name="iOSSimulator">
                        <Operation>1</Operation>
                    </Platform>
                </DeployClass>
                <DeployClass Name="iPad_Launch1668">
                    <Platform Name="iOSDevice32">
                        <Operation>1</Operation>
                    </Platform>
                    <Platform Name="iOSDevice64">
                        <Operation>1</Operation>
                    </Platform>
                    <Platform Name="iOSSimulator">
                        <Operation>1</Operation>
                    </Platform>
                </DeployClass>
                <DeployClass Name="iPad_Launch1668x2388">
                    <Platform Name="iOSDevice32">
                        <Operation>1</Operation>
                    </Platform>
                    <Platform Name="iOSDevice64">
                        <Operation>1</Operation>
                    </Platform>
                    <Platform Name="iOSSimulator">
                        <Operation>1</Operation>
                    </Platform>
                </DeployClass>
                <DeployClass Name="iPad_Launch2048x1536">
                    <Platform Name="iOSDevice32">
                        <Operation>1</Operation>
                    </Platform>
                    <Platform Name="iOSDevice64">
                        <Operation>1</Operation>
                    </Platform>
                    <Platform Name="iOSSimulator">
                        <Operation>1</Operation>
                    </Platform>
                </DeployClass>
                <DeployClass Name="iPad_Launch2048x2732">
                    <Platform Name="iOSDevice32">
                        <Operation>1</Operation>
                    </Platform>
                    <Platform Name="iOSDevice64">
                        <Operation>1</Operation>
                    </Platform>
                    <Platform Name="iOSSimulator">
                        <Operation>1</Operation>
                    </Platform>
                </DeployClass>
                <DeployClass Name="iPad_Launch2224">
                    <Platform Name="iOSDevice32">
                        <Operation>1</Operation>
                    </Platform>
                    <Platform Name="iOSDevice64">
                        <Operation>1</Operation>
                    </Platform>
                    <Platform Name="iOSSimulator">
                        <Operation>1</Operation>
                    </Platform>
                </DeployClass>
                <DeployClass Name="iPad_Launch2388x1668">
                    <Platform Name="iOSDevice32">
                        <Operation>1</Operation>
                    </Platform>
                    <Platform Name="iOSDevice64">
                        <Operation>1</Operation>
                    </Platform>
                    <Platform Name="iOSSimulator">
                        <Operation>1</Operation>
                    </Platform>
                </DeployClass>
                <DeployClass Name="iPad_Launch2732x2048">
                    <Platform Name="iOSDevice32">
                        <Operation>1</Operation>
                    </Platform>
                    <Platform Name="iOSDevice64">
                        <Operation>1</Operation>
                    </Platform>
                    <Platform Name="iOSSimulator">
                        <Operation>1</Operation>
                    </Platform>
                </DeployClass>
                <DeployClass Name="iPad_Launch2x">
                    <Platform Name="iOSDevice64">
                        <RemoteDir>..\$(PROJECTNAME).launchscreen\Assets\LaunchScreenImage.imageset</RemoteDir>
                        <Operation>1</Operation>
                    </Platform>
                    <Platform Name="iOSSimulator">
                        <RemoteDir>..\$(PROJECTNAME).launchscreen\Assets\LaunchScreenImage.imageset</RemoteDir>
                        <Operation>1</Operation>
                    </Platform>
                </DeployClass>
                <DeployClass Name="iPad_Launch768x1024">
                    <Platform Name="iOSDevice32">
                        <Operation>1</Operation>
                    </Platform>
                    <Platform Name="iOSDevice64">
                        <Operation>1</Operation>
                    </Platform>
                    <Platform Name="iOSSimulator">
                        <Operation>1</Operation>
                    </Platform>
                </DeployClass>
                <DeployClass Name="iPad_LaunchDark2x">
                    <Platform Name="iOSDevice64">
                        <RemoteDir>..\$(PROJECTNAME).launchscreen\Assets\LaunchScreenImage.imageset</RemoteDir>
                        <Operation>1</Operation>
                    </Platform>
                    <Platform Name="iOSSimulator">
                        <RemoteDir>..\$(PROJECTNAME).launchscreen\Assets\LaunchScreenImage.imageset</RemoteDir>
                        <Operation>1</Operation>
                    </Platform>
                </DeployClass>
                <DeployClass Name="iPad_Notification40">
                    <Platform Name="iOSDevice64">
                        <RemoteDir>..\$(PROJECTNAME).launchscreen\Assets\AppIcon.appiconset</RemoteDir>
                        <Operation>1</Operation>
                    </Platform>
                    <Platform Name="iOSSimulator">
                        <RemoteDir>..\$(PROJECTNAME).launchscreen\Assets\AppIcon.appiconset</RemoteDir>
                        <Operation>1</Operation>
                    </Platform>
                </DeployClass>
                <DeployClass Name="iPad_Setting58">
                    <Platform Name="iOSDevice64">
                        <RemoteDir>..\$(PROJECTNAME).launchscreen\Assets\AppIcon.appiconset</RemoteDir>
                        <Operation>1</Operation>
                    </Platform>
                    <Platform Name="iOSSimulator">
                        <RemoteDir>..\$(PROJECTNAME).launchscreen\Assets\AppIcon.appiconset</RemoteDir>
                        <Operation>1</Operation>
                    </Platform>
                </DeployClass>
                <DeployClass Name="iPad_SpotLight80">
                    <Platform Name="iOSDevice64">
                        <RemoteDir>..\$(PROJECTNAME).launchscreen\Assets\AppIcon.appiconset</RemoteDir>
                        <Operation>1</Operation>
                    </Platform>
                    <Platform Name="iOSSimulator">
                        <RemoteDir>..\$(PROJECTNAME).launchscreen\Assets\AppIcon.appiconset</RemoteDir>
                        <Operation>1</Operation>
                    </Platform>
                </DeployClass>
                <DeployClass Name="iPhone_AppIcon120">
                    <Platform Name="iOSDevice64">
                        <RemoteDir>..\$(PROJECTNAME).launchscreen\Assets\AppIcon.appiconset</RemoteDir>
                        <Operation>1</Operation>
                    </Platform>
                    <Platform Name="iOSSimulator">
                        <RemoteDir>..\$(PROJECTNAME).launchscreen\Assets\AppIcon.appiconset</RemoteDir>
                        <Operation>1</Operation>
                    </Platform>
                </DeployClass>
                <DeployClass Name="iPhone_AppIcon180">
                    <Platform Name="iOSDevice64">
                        <RemoteDir>..\$(PROJECTNAME).launchscreen\Assets\AppIcon.appiconset</RemoteDir>
                        <Operation>1</Operation>
                    </Platform>
                    <Platform Name="iOSSimulator">
                        <RemoteDir>..\$(PROJECTNAME).launchscreen\Assets\AppIcon.appiconset</RemoteDir>
                        <Operation>1</Operation>
                    </Platform>
                </DeployClass>
                <DeployClass Name="iPhone_Launch1125">
                    <Platform Name="iOSDevice32">
                        <Operation>1</Operation>
                    </Platform>
                    <Platform Name="iOSDevice64">
                        <Operation>1</Operation>
                    </Platform>
                    <Platform Name="iOSSimulator">
                        <Operation>1</Operation>
                    </Platform>
                </DeployClass>
                <DeployClass Name="iPhone_Launch1136x640">
                    <Platform Name="iOSDevice32">
                        <Operation>1</Operation>
                    </Platform>
                    <Platform Name="iOSDevice64">
                        <Operation>1</Operation>
                    </Platform>
                    <Platform Name="iOSSimulator">
                        <Operation>1</Operation>
                    </Platform>
                </DeployClass>
                <DeployClass Name="iPhone_Launch1242">
                    <Platform Name="iOSDevice32">
                        <Operation>1</Operation>
                    </Platform>
                    <Platform Name="iOSDevice64">
                        <Operation>1</Operation>
                    </Platform>
                    <Platform Name="iOSSimulator">
                        <Operation>1</Operation>
                    </Platform>
                </DeployClass>
                <DeployClass Name="iPhone_Launch1242x2688">
                    <Platform Name="iOSDevice32">
                        <Operation>1</Operation>
                    </Platform>
                    <Platform Name="iOSDevice64">
                        <Operation>1</Operation>
                    </Platform>
                    <Platform Name="iOSSimulator">
                        <Operation>1</Operation>
                    </Platform>
                </DeployClass>
                <DeployClass Name="iPhone_Launch1334">
                    <Platform Name="iOSDevice32">
                        <Operation>1</Operation>
                    </Platform>
                    <Platform Name="iOSDevice64">
                        <Operation>1</Operation>
                    </Platform>
                    <Platform Name="iOSSimulator">
                        <Operation>1</Operation>
                    </Platform>
                </DeployClass>
                <DeployClass Name="iPhone_Launch1792">
                    <Platform Name="iOSDevice32">
                        <Operation>1</Operation>
                    </Platform>
                    <Platform Name="iOSDevice64">
                        <Operation>1</Operation>
                    </Platform>
                    <Platform Name="iOSSimulator">
                        <Operation>1</Operation>
                    </Platform>
                </DeployClass>
                <DeployClass Name="iPhone_Launch2208">
                    <Platform Name="iOSDevice32">
                        <Operation>1</Operation>
                    </Platform>
                    <Platform Name="iOSDevice64">
                        <Operation>1</Operation>
                    </Platform>
                    <Platform Name="iOSSimulator">
                        <Operation>1</Operation>
                    </Platform>
                </DeployClass>
                <DeployClass Name="iPhone_Launch2436">
                    <Platform Name="iOSDevice32">
                        <Operation>1</Operation>
                    </Platform>
                    <Platform Name="iOSDevice64">
                        <Operation>1</Operation>
                    </Platform>
                    <Platform Name="iOSSimulator">
                        <Operation>1</Operation>
                    </Platform>
                </DeployClass>
                <DeployClass Name="iPhone_Launch2688x1242">
                    <Platform Name="iOSDevice32">
                        <Operation>1</Operation>
                    </Platform>
                    <Platform Name="iOSDevice64">
                        <Operation>1</Operation>
                    </Platform>
                    <Platform Name="iOSSimulator">
                        <Operation>1</Operation>
                    </Platform>
                </DeployClass>
                <DeployClass Name="iPhone_Launch2x">
                    <Platform Name="iOSDevice64">
                        <RemoteDir>..\$(PROJECTNAME).launchscreen\Assets\LaunchScreenImage.imageset</RemoteDir>
                        <Operation>1</Operation>
                    </Platform>
                    <Platform Name="iOSSimulator">
                        <RemoteDir>..\$(PROJECTNAME).launchscreen\Assets\LaunchScreenImage.imageset</RemoteDir>
                        <Operation>1</Operation>
                    </Platform>
                </DeployClass>
                <DeployClass Name="iPhone_Launch320">
                    <Platform Name="iOSDevice32">
                        <Operation>1</Operation>
                    </Platform>
                    <Platform Name="iOSDevice64">
                        <Operation>1</Operation>
                    </Platform>
                    <Platform Name="iOSSimulator">
                        <Operation>1</Operation>
                    </Platform>
                </DeployClass>
                <DeployClass Name="iPhone_Launch3x">
                    <Platform Name="iOSDevice64">
                        <RemoteDir>..\$(PROJECTNAME).launchscreen\Assets\LaunchScreenImage.imageset</RemoteDir>
                        <Operation>1</Operation>
                    </Platform>
                    <Platform Name="iOSSimulator">
                        <RemoteDir>..\$(PROJECTNAME).launchscreen\Assets\LaunchScreenImage.imageset</RemoteDir>
                        <Operation>1</Operation>
                    </Platform>
                </DeployClass>
                <DeployClass Name="iPhone_Launch640">
                    <Platform Name="iOSDevice32">
                        <Operation>1</Operation>
                    </Platform>
                    <Platform Name="iOSDevice64">
                        <Operation>1</Operation>
                    </Platform>
                    <Platform Name="iOSSimulator">
                        <Operation>1</Operation>
                    </Platform>
                </DeployClass>
                <DeployClass Name="iPhone_Launch640x1136">
                    <Platform Name="iOSDevice32">
                        <Operation>1</Operation>
                    </Platform>
                    <Platform Name="iOSDevice64">
                        <Operation>1</Operation>
                    </Platform>
                    <Platform Name="iOSSimulator">
                        <Operation>1</Operation>
                    </Platform>
                </DeployClass>
                <DeployClass Name="iPhone_Launch750">
                    <Platform Name="iOSDevice32">
                        <Operation>1</Operation>
                    </Platform>
                    <Platform Name="iOSDevice64">
                        <Operation>1</Operation>
                    </Platform>
                    <Platform Name="iOSSimulator">
                        <Operation>1</Operation>
                    </Platform>
                </DeployClass>
                <DeployClass Name="iPhone_Launch828">
                    <Platform Name="iOSDevice32">
                        <Operation>1</Operation>
                    </Platform>
                    <Platform Name="iOSDevice64">
                        <Operation>1</Operation>
                    </Platform>
                    <Platform Name="iOSSimulator">
                        <Operation>1</Operation>
                    </Platform>
                </DeployClass>
                <DeployClass Name="iPhone_LaunchDark2x">
                    <Platform Name="iOSDevice64">
                        <RemoteDir>..\$(PROJECTNAME).launchscreen\Assets\LaunchScreenImage.imageset</RemoteDir>
                        <Operation>1</Operation>
                    </Platform>
                    <Platform Name="iOSSimulator">
                        <RemoteDir>..\$(PROJECTNAME).launchscreen\Assets\LaunchScreenImage.imageset</RemoteDir>
                        <Operation>1</Operation>
                    </Platform>
                </DeployClass>
                <DeployClass Name="iPhone_LaunchDark3x">
                    <Platform Name="iOSDevice64">
                        <RemoteDir>..\$(PROJECTNAME).launchscreen\Assets\LaunchScreenImage.imageset</RemoteDir>
                        <Operation>1</Operation>
                    </Platform>
                    <Platform Name="iOSSimulator">
                        <RemoteDir>..\$(PROJECTNAME).launchscreen\Assets\LaunchScreenImage.imageset</RemoteDir>
                        <Operation>1</Operation>
                    </Platform>
                </DeployClass>
                <DeployClass Name="iPhone_Notification40">
                    <Platform Name="iOSDevice64">
                        <RemoteDir>..\$(PROJECTNAME).launchscreen\Assets\AppIcon.appiconset</RemoteDir>
                        <Operation>1</Operation>
                    </Platform>
                    <Platform Name="iOSSimulator">
                        <RemoteDir>..\$(PROJECTNAME).launchscreen\Assets\AppIcon.appiconset</RemoteDir>
                        <Operation>1</Operation>
                    </Platform>
                </DeployClass>
                <DeployClass Name="iPhone_Notification60">
                    <Platform Name="iOSDevice64">
                        <RemoteDir>..\$(PROJECTNAME).launchscreen\Assets\AppIcon.appiconset</RemoteDir>
                        <Operation>1</Operation>
                    </Platform>
                    <Platform Name="iOSSimulator">
                        <RemoteDir>..\$(PROJECTNAME).launchscreen\Assets\AppIcon.appiconset</RemoteDir>
                        <Operation>1</Operation>
                    </Platform>
                </DeployClass>
                <DeployClass Name="iPhone_Setting58">
                    <Platform Name="iOSDevice64">
                        <RemoteDir>..\$(PROJECTNAME).launchscreen\Assets\AppIcon.appiconset</RemoteDir>
                        <Operation>1</Operation>
                    </Platform>
                    <Platform Name="iOSSimulator">
                        <RemoteDir>..\$(PROJECTNAME).launchscreen\Assets\AppIcon.appiconset</RemoteDir>
                        <Operation>1</Operation>
                    </Platform>
                </DeployClass>
                <DeployClass Name="iPhone_Setting87">
                    <Platform Name="iOSDevice64">
                        <RemoteDir>..\$(PROJECTNAME).launchscreen\Assets\AppIcon.appiconset</RemoteDir>
                        <Operation>1</Operation>
                    </Platform>
                    <Platform Name="iOSSimulator">
                        <RemoteDir>..\$(PROJECTNAME).launchscreen\Assets\AppIcon.appiconset</RemoteDir>
                        <Operation>1</Operation>
                    </Platform>
                </DeployClass>
                <DeployClass Name="iPhone_Spotlight120">
                    <Platform Name="iOSDevice64">
                        <RemoteDir>..\$(PROJECTNAME).launchscreen\Assets\AppIcon.appiconset</RemoteDir>
                        <Operation>1</Operation>
                    </Platform>
                    <Platform Name="iOSSimulator">
                        <RemoteDir>..\$(PROJECTNAME).launchscreen\Assets\AppIcon.appiconset</RemoteDir>
                        <Operation>1</Operation>
                    </Platform>
                </DeployClass>
                <DeployClass Name="iPhone_Spotlight80">
                    <Platform Name="iOSDevice64">
                        <RemoteDir>..\$(PROJECTNAME).launchscreen\Assets\AppIcon.appiconset</RemoteDir>
                        <Operation>1</Operation>
                    </Platform>
                    <Platform Name="iOSSimulator">
                        <RemoteDir>..\$(PROJECTNAME).launchscreen\Assets\AppIcon.appiconset</RemoteDir>
                        <Operation>1</Operation>
                    </Platform>
                </DeployClass>
                <DeployClass Name="ProjectAndroidManifest">
                    <Platform Name="Android">
                        <Operation>1</Operation>
                    </Platform>
                    <Platform Name="Android64">
                        <Operation>1</Operation>
                    </Platform>
                </DeployClass>
                <DeployClass Name="ProjectiOSDeviceDebug">
                    <Platform Name="iOSDevice32">
                        <RemoteDir>..\$(PROJECTNAME).app.dSYM\Contents\Resources\DWARF</RemoteDir>
                        <Operation>1</Operation>
                    </Platform>
                    <Platform Name="iOSDevice64">
                        <RemoteDir>..\$(PROJECTNAME).app.dSYM\Contents\Resources\DWARF</RemoteDir>
                        <Operation>1</Operation>
                    </Platform>
                </DeployClass>
                <DeployClass Name="ProjectiOSDeviceResourceRules"/>
                <DeployClass Name="ProjectiOSEntitlements"/>
                <DeployClass Name="ProjectiOSInfoPList"/>
                <DeployClass Name="ProjectiOSLaunchScreen"/>
                <DeployClass Name="ProjectiOSResource">
                    <Platform Name="iOSDevice32">
                        <Operation>1</Operation>
                    </Platform>
                    <Platform Name="iOSDevice64">
                        <Operation>1</Operation>
                    </Platform>
                    <Platform Name="iOSSimulator">
                        <Operation>1</Operation>
                    </Platform>
                </DeployClass>
                <DeployClass Name="ProjectOSXDebug"/>
                <DeployClass Name="ProjectOSXEntitlements"/>
                <DeployClass Name="ProjectOSXInfoPList"/>
                <DeployClass Name="ProjectOSXResource">
                    <Platform Name="OSX32">
                        <RemoteDir>Contents\Resources</RemoteDir>
                        <Operation>1</Operation>
                    </Platform>
                    <Platform Name="OSX64">
                        <RemoteDir>Contents\Resources</RemoteDir>
                        <Operation>1</Operation>
                    </Platform>
                </DeployClass>
                <DeployClass Required="true" Name="ProjectOutput">
                    <Platform Name="Android">
                        <RemoteDir>library\lib\armeabi-v7a</RemoteDir>
                        <Operation>1</Operation>
                    </Platform>
                    <Platform Name="Android64">
                        <RemoteDir>library\lib\arm64-v8a</RemoteDir>
                        <Operation>1</Operation>
                    </Platform>
                    <Platform Name="iOSDevice32">
                        <Operation>1</Operation>
                    </Platform>
                    <Platform Name="iOSDevice64">
                        <Operation>1</Operation>
                    </Platform>
                    <Platform Name="iOSSimulator">
                        <Operation>1</Operation>
                    </Platform>
                    <Platform Name="Linux64">
                        <Operation>1</Operation>
                    </Platform>
                    <Platform Name="OSX32">
                        <Operation>1</Operation>
                    </Platform>
                    <Platform Name="OSX64">
                        <Operation>1</Operation>
                    </Platform>
                    <Platform Name="Win32">
                        <Operation>0</Operation>
                    </Platform>
                </DeployClass>
                <DeployClass Name="ProjectOutput_Android32">
                    <Platform Name="Android64">
                        <RemoteDir>library\lib\armeabi-v7a</RemoteDir>
                        <Operation>1</Operation>
                    </Platform>
                </DeployClass>
                <DeployClass Name="ProjectUWPManifest">
                    <Platform Name="Win32">
                        <Operation>1</Operation>
                    </Platform>
                    <Platform Name="Win64">
                        <Operation>1</Operation>
                    </Platform>
                </DeployClass>
                <DeployClass Name="UWP_DelphiLogo150">
                    <Platform Name="Win32">
                        <RemoteDir>Assets</RemoteDir>
                        <Operation>1</Operation>
                    </Platform>
                    <Platform Name="Win64">
                        <RemoteDir>Assets</RemoteDir>
                        <Operation>1</Operation>
                    </Platform>
                </DeployClass>
                <DeployClass Name="UWP_DelphiLogo44">
                    <Platform Name="Win32">
                        <RemoteDir>Assets</RemoteDir>
                        <Operation>1</Operation>
                    </Platform>
                    <Platform Name="Win64">
                        <RemoteDir>Assets</RemoteDir>
                        <Operation>1</Operation>
                    </Platform>
                </DeployClass>
                <ProjectRoot Platform="Win64" Name="$(PROJECTNAME)"/>
                <ProjectRoot Platform="iOSDevice64" Name="$(PROJECTNAME).app"/>
                <ProjectRoot Platform="iOSDevice32" Name="$(PROJECTNAME).app"/>
                <ProjectRoot Platform="Win32" Name="$(PROJECTNAME)"/>
                <ProjectRoot Platform="Linux64" Name="$(PROJECTNAME)"/>
                <ProjectRoot Platform="OSX32" Name="$(PROJECTNAME)"/>
                <ProjectRoot Platform="Android" Name="$(PROJECTNAME)"/>
                <ProjectRoot Platform="OSX64" Name="$(PROJECTNAME)"/>
                <ProjectRoot Platform="iOSSimulator" Name="$(PROJECTNAME).app"/>
                <ProjectRoot Platform="Android64" Name="$(PROJECTNAME)"/>
            </Deployment>
        </BorlandProject>
        <ProjectFileVersion>12</ProjectFileVersion>
    </ProjectExtensions>
    <Import Condition="Exists('$(APPDATA)\Embarcadero\$(BDSAPPDATABASEDIR)\$(PRODUCTVERSION)\UserTools.proj')" Project="$(APPDATA)\Embarcadero\$(BDSAPPDATABASEDIR)\$(PRODUCTVERSION)\UserTools.proj"/>
    <Import Condition="Exists('$(MSBuildProjectName).deployproj')" Project="$(MSBuildProjectName).deployproj"/>
</Project>
